{
  "name": "bpm-engine",
  "version": "1.0.8",
  "lockfileVersion": 1,
  "requires": true,
  "dependencies": {
    "babel-runtime": {
      "version": "6.26.0",
      "resolved": "https://registry.npmjs.org/babel-runtime/-/babel-runtime-6.26.0.tgz",
      "integrity": "sha1-llxwWGaOgrVde/4E/yM3vItWR/4=",
      "requires": {
        "core-js": "2.5.7",
        "regenerator-runtime": "0.11.1"
      }
    },
    "bpmn-moddle": {
      "version": "2.1.2",
      "resolved": "https://registry.npmjs.org/bpmn-moddle/-/bpmn-moddle-2.1.2.tgz",
      "integrity": "sha512-TNCahynzog1I1UJenV6BSvVQbzLBet4B+ZcM9hwSLwN2zPgAVl4fSgu56CnyU9aaSh96sjgPpd3+8f5S0mKuTg==",
      "requires": {
        "lodash": "3.10.1",
        "moddle": "2.0.0",
        "moddle-xml": "4.1.4"
      }
    },
    "buffer-from": {
      "version": "1.1.0",
      "resolved": "https://registry.npmjs.org/buffer-from/-/buffer-from-1.1.0.tgz",
      "integrity": "sha512-c5mRlguI/Pe2dSZmpER62rSCu0ryKmWddzRYsuXc50U2/g8jMOulc31VZMa4mYx31U5xsmSOpDCgH88Vl9cDGQ=="
    },
    "core-js": {
      "version": "2.5.7",
      "resolved": "https://registry.npmjs.org/core-js/-/core-js-2.5.7.tgz",
      "integrity": "sha512-RszJCAxg/PP6uzXVXL6BsxSXx/B05oJAQ2vkJRjyjrEcNVycaqOmNb5OTxZPE3xa5gwZduqza6L9JOCenh/Ecw=="
    },
    "debug": {
      "version": "3.1.0",
      "resolved": "https://registry.npmjs.org/debug/-/debug-3.1.0.tgz",
      "integrity": "sha512-OX8XqP7/1a9cqkxYw2yXss15f26NKWBpDXQd0/uK/KPqdQhxbPa994hnzjcE2VqQpDslf55723cKPUOGSmMY3g==",
      "requires": {
        "ms": "2.0.0"
      }
    },
    "iso8601-repeating-interval": {
      "version": "0.1.4",
      "resolved": "https://registry.npmjs.org/iso8601-repeating-interval/-/iso8601-repeating-interval-0.1.4.tgz",
      "integrity": "sha1-ZyhNboZNmM+fgk01qpb1RR3U+jU=",
      "requires": {
        "moment": "2.22.2"
      }
    },
    "jexl": {
      "version": "1.1.4",
      "resolved": "https://registry.npmjs.org/jexl/-/jexl-1.1.4.tgz",
      "integrity": "sha1-Nc+G+IHqIZ0eIVx6QeLnR85u6KY="
    },
    "lodash": {
      "version": "3.10.1",
      "resolved": "https://registry.npmjs.org/lodash/-/lodash-3.10.1.tgz",
      "integrity": "sha1-W/Rejkm6QYnhfUgnid/RW9FAt7Y="
    },
    "moddle": {
      "version": "2.0.0",
      "resolved": "https://registry.npmjs.org/moddle/-/moddle-2.0.0.tgz",
      "integrity": "sha512-hvMu010Sl+L9K7nH8Jiw5qTa4/W/kjf/tKx6tAg+xQ3NpldYoQddaqXYhmZvTWKOQ7JZ1aUnntJ5rGs4wwI4fg==",
      "requires": {
        "lodash": "3.10.1"
      }
    },
    "moddle-xml": {
      "version": "4.1.4",
      "resolved": "https://registry.npmjs.org/moddle-xml/-/moddle-xml-4.1.4.tgz",
      "integrity": "sha512-c/8THxmVww/0qOH8KoI3iE5e+tfMAl/GwC8H6hHVHZAhqTRLYw7atQmtwVeEAgtYTrS/C1WH/RFviNxYxQW8rg==",
      "requires": {
        "lodash": "3.10.1",
        "moddle": "2.0.0",
        "saxen": "5.7.0",
        "tiny-stack": "0.1.0"
      }
    },
    "moment": {
      "version": "2.22.2",
      "resolved": "https://registry.npmjs.org/moment/-/moment-2.22.2.tgz",
      "integrity": "sha1-PCV/mDn8DpP/UxSWMiOeuQeD/2Y="
    },
    "ms": {
      "version": "2.0.0",
      "resolved": "https://registry.npmjs.org/ms/-/ms-2.0.0.tgz",
      "integrity": "sha1-VgiurfwAvmwpAd9fmGF4jeDVl8g="
    },
    "nanoid": {
      "version": "1.1.0",
      "resolved": "https://registry.npmjs.org/nanoid/-/nanoid-1.1.0.tgz",
      "integrity": "sha512-iOCqgXieGrk8/wDt1n9rZS2KB1dYVssemY0NTWjfzVr+1t1gAmdTp1u2+YHppKro3Bk5S+Gs+xmYCfpuXauYXQ=="
    },
    "regenerator-runtime": {
      "version": "0.11.1",
      "resolved": "https://registry.npmjs.org/regenerator-runtime/-/regenerator-runtime-0.11.1.tgz",
      "integrity": "sha512-MguG95oij0fC3QV3URf4V2SDYGJhJnJGqvIIgdECeODCT98wSWDAJ94SSuVpYQUoTcGUIL6L4yNB7j1DFFHSBg=="
    },
    "saxen": {
      "version": "5.7.0",
      "resolved": "https://registry.npmjs.org/saxen/-/saxen-5.7.0.tgz",
      "integrity": "sha512-57s/4dVUmHbaMm+eHOzYIoy+o6UwmrzsKAj0toWpI+h+bzJ2xPfJZ9OGPu5onHIpF64mJLPTBD2wk8jfTBL+Xw=="
    },
    "shortid": {
      "version": "2.2.12",
      "resolved": "https://registry.npmjs.org/shortid/-/shortid-2.2.12.tgz",
      "integrity": "sha512-sw0knB/ioTu/jVYgJz1IP1b5uhPZtZYwQ9ir/EqXZHI4+Jh8rzzGLM3LKptGHBKoDsgTBDfr4yCRNUX7hEIksQ==",
      "requires": {
        "nanoid": "1.1.0"
      }
    },
    "source-map": {
      "version": "0.6.1",
      "resolved": "https://registry.npmjs.org/source-map/-/source-map-0.6.1.tgz",
      "integrity": "sha512-UjgapumWlbMhkBgzT7Ykc5YXUT46F0iKu8SGXq0bcwP5dz/h0Plj6enJqjz1Zbq2l5WaqYnrVbwWOWMyF3F47g=="
    },
    "source-map-support": {
      "version": "0.5.6",
      "resolved": "https://registry.npmjs.org/source-map-support/-/source-map-support-0.5.6.tgz",
      "integrity": "sha512-N4KXEz7jcKqPf2b2vZF11lQIz9W5ZMuUcIOGj243lduidkf2fjkVKJS9vNxVWn3u/uxX38AcE8U9nnH9FPcq+g==",
      "requires": {
        "buffer-from": "1.1.0",
        "source-map": "0.6.1"
      }
    },
    "tiny-stack": {
      "version": "0.1.0",
      "resolved": "https://registry.npmjs.org/tiny-stack/-/tiny-stack-0.1.0.tgz",
      "integrity": "sha1-GoSBc/wL/FTne7LpUE0tPIrXliE="
    }
  }
}
