# THIS IS AN AUTOGENERATED FILE. DO NOT EDIT THIS FILE DIRECTLY.
# yarn lockfile v1


babel-runtime@^6.26.0:
  version "6.26.0"
  resolved "https://registry.yarnpkg.com/babel-runtime/-/babel-runtime-6.26.0.tgz#965c7058668e82b55d7bfe04ff2337bc8b5647fe"
  dependencies:
    core-js "^2.4.0"
    regenerator-runtime "^0.11.0"

bpmn-moddle@^4.x.x:
  version "4.0.0"
  resolved "https://registry.yarnpkg.com/bpmn-moddle/-/bpmn-moddle-4.0.0.tgz#a129724ca432e0a806bd03681ce838d0bf166fac"
  dependencies:
    min-dash "^2.0.1"
    moddle "^3.0.0"
    moddle-xml "^6.0.0"

buffer-from@^1.0.0:
  version "1.1.1"
  resolved "https://registry.yarnpkg.com/buffer-from/-/buffer-from-1.1.1.tgz#32713bc028f75c02fdb710d7c7bcec1f2c6070ef"

core-js@^2.4.0:
  version "2.5.3"
  resolved "https://registry.yarnpkg.com/core-js/-/core-js-2.5.3.tgz#8acc38345824f16d8365b7c9b4259168e8ed603e"

debug@^3.1.0:
  version "3.1.0"
  resolved "https://registry.yarnpkg.com/debug/-/debug-3.1.0.tgz#5bb5a0672628b64149566ba16819e61518c67261"
  dependencies:
    ms "2.0.0"

iso8601-repeating-interval@^0.1.4:
  version "0.1.4"
  resolved "https://registry.yarnpkg.com/iso8601-repeating-interval/-/iso8601-repeating-interval-0.1.4.tgz#67284d6e864d98cf9f824d35aa96f5451dd4fa35"
  dependencies:
    moment "^2.17.1"

jexl@^1.1.4:
  version "1.1.4"
  resolved "https://registry.yarnpkg.com/jexl/-/jexl-1.1.4.tgz#35cf86f881ea219d1e215c7a41e2e747ce6ee8a6"

min-dash@^2.0.1:
  version "2.4.0"
  resolved "https://registry.yarnpkg.com/min-dash/-/min-dash-2.4.0.tgz#d6c69c3c2d624ab31cde5c4b8b150691f14f9e97"

moddle-xml@^6.0.0:
  version "6.0.0"
  resolved "https://registry.yarnpkg.com/moddle-xml/-/moddle-xml-6.0.0.tgz#365abd537f8a55f23f7e107aaa5cd9e531fa8218"
  dependencies:
    min-dash "^2.0.1"
    moddle "^3.0.0"
    saxen "^7.0.1"
    tiny-stack "^0.1.0"

moddle@^3.0.0:
  version "3.0.0"
  resolved "https://registry.yarnpkg.com/moddle/-/moddle-3.0.0.tgz#110b89a21af1bb697d5de61a6062de2df1de5874"
  dependencies:
    min-dash "^2.0.1"

moment@^2.17.1:
  version "2.22.2"
  resolved "https://registry.yarnpkg.com/moment/-/moment-2.22.2.tgz#3c257f9839fc0e93ff53149632239eb90783ff66"

ms@2.0.0:
  version "2.0.0"
  resolved "https://registry.yarnpkg.com/ms/-/ms-2.0.0.tgz#5608aeadfc00be6c2901df5f9861788de0d597c8"

nanoid@^1.0.7:
  version "1.2.1"
  resolved "https://registry.yarnpkg.com/nanoid/-/nanoid-1.2.1.tgz#922bf6c10e35f7b208993768dad643577c907adf"

regenerator-runtime@^0.11.0:
  version "0.11.1"
  resolved "https://registry.yarnpkg.com/regenerator-runtime/-/regenerator-runtime-0.11.1.tgz#be05ad7f9bf7d22e056f9726cee5017fbf19e2e9"

saxen@^7.0.1:
  version "7.0.1"
  resolved "https://registry.yarnpkg.com/saxen/-/saxen-7.0.1.tgz#5206dbd5073ffa65b56b7838546e27cd33ccfd31"

shortid@^2.2.8:
  version "2.2.13"
  resolved "https://registry.yarnpkg.com/shortid/-/shortid-2.2.13.tgz#b2441e71c664ace458a341d343959f677910ef5b"
  dependencies:
    nanoid "^1.0.7"

source-map-support@^0.5.0:
  version "0.5.8"
  resolved "https://registry.yarnpkg.com/source-map-support/-/source-map-support-0.5.8.tgz#04f5581713a8a65612d0175fbf3a01f80a162613"
  dependencies:
    buffer-from "^1.0.0"
    source-map "^0.6.0"

source-map@^0.6.0:
  version "0.6.1"
  resolved "https://registry.yarnpkg.com/source-map/-/source-map-0.6.1.tgz#74722af32e9614e9c287a8d0bbde48b5e2f1a263"

tiny-stack@^0.1.0:
  version "0.1.0"
  resolved "https://registry.yarnpkg.com/tiny-stack/-/tiny-stack-0.1.0.tgz#1a848173fc0bfc54e77bb2e9504d2d3c8ad79621"
