# THIS IS AN AUTOGENERATED FILE. DO NOT EDIT THIS FILE DIRECTLY.
# yarn lockfile v1


babel-runtime@^6.26.0:
  version "6.26.0"
  resolved "https://registry.yarnpkg.com/babel-runtime/-/babel-runtime-6.26.0.tgz#965c7058668e82b55d7bfe04ff2337bc8b5647fe"
  dependencies:
    core-js "^2.4.0"
    regenerator-runtime "^0.11.0"

bpmn-moddle@2:
  version "2.0.1"
  resolved "https://registry.yarnpkg.com/bpmn-moddle/-/bpmn-moddle-2.0.1.tgz#1d088d2c1a38f2fed40e7c9d77a0467a368f654d"
  dependencies:
    lodash "^3.0.0"
    moddle "^2.0.0"
    moddle-xml "^4.0.0"

core-js@^2.4.0:
  version "2.5.3"
  resolved "https://registry.yarnpkg.com/core-js/-/core-js-2.5.3.tgz#8acc38345824f16d8365b7c9b4259168e8ed603e"

debug@^3.1.0:
  version "3.1.0"
  resolved "https://registry.yarnpkg.com/debug/-/debug-3.1.0.tgz#5bb5a0672628b64149566ba16819e61518c67261"
  dependencies:
    ms "2.0.0"

iso8601-repeating-interval@^0.1.4:
  version "0.1.4"
  resolved "https://registry.yarnpkg.com/iso8601-repeating-interval/-/iso8601-repeating-interval-0.1.4.tgz#67284d6e864d98cf9f824d35aa96f5451dd4fa35"
  dependencies:
    moment "^2.17.1"

jexl@^1.1.4:
  version "1.1.4"
  resolved "https://registry.yarnpkg.com/jexl/-/jexl-1.1.4.tgz#35cf86f881ea219d1e215c7a41e2e747ce6ee8a6"

lodash@^3.0.0:
  version "3.10.1"
  resolved "https://registry.yarnpkg.com/lodash/-/lodash-3.10.1.tgz#5bf45e8e49ba4189e17d482789dfd15bd140b7b6"

moddle-xml@^4.0.0:
  version "4.0.0"
  resolved "https://registry.yarnpkg.com/moddle-xml/-/moddle-xml-4.0.0.tgz#667ac15aa6fa7a7f8749d5173b0aa721d42eb7d8"
  dependencies:
    lodash "^3.0.0"
    moddle "^2.0.0"
    saxen "^5.3.2"
    tiny-stack "^0.1.0"

moddle@^2.0.0:
  version "2.0.0"
  resolved "https://registry.yarnpkg.com/moddle/-/moddle-2.0.0.tgz#8691d1d11a47b354b657734b0efcdd5903d1ae23"
  dependencies:
    lodash "^3.0.0"

moment@^2.17.1:
  version "2.22.2"
  resolved "https://registry.yarnpkg.com/moment/-/moment-2.22.2.tgz#3c257f9839fc0e93ff53149632239eb90783ff66"

ms@2.0.0:
  version "2.0.0"
  resolved "https://registry.yarnpkg.com/ms/-/ms-2.0.0.tgz#5608aeadfc00be6c2901df5f9861788de0d597c8"

regenerator-runtime@^0.11.0:
  version "0.11.1"
  resolved "https://registry.yarnpkg.com/regenerator-runtime/-/regenerator-runtime-0.11.1.tgz#be05ad7f9bf7d22e056f9726cee5017fbf19e2e9"

saxen@^5.3.2:
  version "5.5.0"
  resolved "https://registry.yarnpkg.com/saxen/-/saxen-5.5.0.tgz#644c72c7d93929aed0efb737e5329bd085b3a71f"

shortid@^2.2.8:
  version "2.2.8"
  resolved "https://registry.yarnpkg.com/shortid/-/shortid-2.2.8.tgz#033b117d6a2e975804f6f0969dbe7d3d0b355131"

source-map-support@^0.5.0:
  version "0.5.0"
  resolved "https://registry.yarnpkg.com/source-map-support/-/source-map-support-0.5.0.tgz#2018a7ad2bdf8faf2691e5fddab26bed5a2bacab"
  dependencies:
    source-map "^0.6.0"

source-map@^0.6.0:
  version "0.6.1"
  resolved "https://registry.yarnpkg.com/source-map/-/source-map-0.6.1.tgz#74722af32e9614e9c287a8d0bbde48b5e2f1a263"

tiny-stack@^0.1.0:
  version "0.1.0"
  resolved "https://registry.yarnpkg.com/tiny-stack/-/tiny-stack-0.1.0.tgz#1a848173fc0bfc54e77bb2e9504d2d3c8ad79621"
